// !$*UTF8*$!
{
	archiveVersion = 1;
	classes = {
	};
	objectVersion = 55;
	objects = {

/* Begin PBXBuildFile section */
		079C59F841FFF7E4A9A4CBB2 /* Pods_SportFlash_SportFlashUITests.framework in Frameworks */ = {isa = PBXBuildFile; fileRef = 4D92DD070C1C644FA10902CC /* Pods_SportFlash_SportFlashUITests.framework */; };
		764C96A22A1B61B000163681 /* LeaguesTableViewCell.swift in Sources */ = {isa = PBXBuildFile; fileRef = 764C96A02A1B61B000163681 /* LeaguesTableViewCell.swift */; };
		764C96A32A1B61B000163681 /* LeaguesTableViewCell.xib in Resources */ = {isa = PBXBuildFile; fileRef = 764C96A12A1B61B000163681 /* LeaguesTableViewCell.xib */; };
		764C96A52A1B643300163681 /* League.swift in Sources */ = {isa = PBXBuildFile; fileRef = 764C96A42A1B643300163681 /* League.swift */; };
		764C96A72A1B6B2500163681 /* LeaguesViewModel.swift in Sources */ = {isa = PBXBuildFile; fileRef = 764C96A62A1B6B2500163681 /* LeaguesViewModel.swift */; };
		766B8CE72A26650000170AEC /* DatabaseManager.swift in Sources */ = {isa = PBXBuildFile; fileRef = 766B8CE62A26650000170AEC /* DatabaseManager.swift */; };
		7672BC592A27A651007F937B /* Player.swift in Sources */ = {isa = PBXBuildFile; fileRef = 7672BC582A27A651007F937B /* Player.swift */; };
		7672BC5B2A27B15B007F937B /* TeamViewModel.swift in Sources */ = {isa = PBXBuildFile; fileRef = 7672BC5A2A27B15B007F937B /* TeamViewModel.swift */; };
		7677FDE82A197EC4001A2CD9 /* AppDelegate.swift in Sources */ = {isa = PBXBuildFile; fileRef = 7677FDE72A197EC4001A2CD9 /* AppDelegate.swift */; };
		7677FDEA2A197EC4001A2CD9 /* SceneDelegate.swift in Sources */ = {isa = PBXBuildFile; fileRef = 7677FDE92A197EC4001A2CD9 /* SceneDelegate.swift */; };
		7677FDEF2A197EC4001A2CD9 /* Main.storyboard in Resources */ = {isa = PBXBuildFile; fileRef = 7677FDED2A197EC4001A2CD9 /* Main.storyboard */; };
		7677FDF22A197EC4001A2CD9 /* SportFlash.xcdatamodeld in Sources */ = {isa = PBXBuildFile; fileRef = 7677FDF02A197EC4001A2CD9 /* SportFlash.xcdatamodeld */; };
		7677FDF42A197ED0001A2CD9 /* Assets.xcassets in Resources */ = {isa = PBXBuildFile; fileRef = 7677FDF32A197ED0001A2CD9 /* Assets.xcassets */; };
		7677FDF72A197ED0001A2CD9 /* LaunchScreen.storyboard in Resources */ = {isa = PBXBuildFile; fileRef = 7677FDF52A197ED0001A2CD9 /* LaunchScreen.storyboard */; };
		7677FE022A197ED1001A2CD9 /* SportFlashTests.swift in Sources */ = {isa = PBXBuildFile; fileRef = 7677FE012A197ED1001A2CD9 /* SportFlashTests.swift */; };
		7677FE0C2A197ED2001A2CD9 /* SportFlashUITests.swift in Sources */ = {isa = PBXBuildFile; fileRef = 7677FE0B2A197ED2001A2CD9 /* SportFlashUITests.swift */; };
		7677FE0E2A197ED2001A2CD9 /* SportFlashUITestsLaunchTests.swift in Sources */ = {isa = PBXBuildFile; fileRef = 7677FE0D2A197ED2001A2CD9 /* SportFlashUITestsLaunchTests.swift */; };
		7677FE1B2A198336001A2CD9 /* SportCollectionViewController.swift in Sources */ = {isa = PBXBuildFile; fileRef = 7677FE1A2A198336001A2CD9 /* SportCollectionViewController.swift */; };
		767B2A632A1D4C740073DF0E /* Team.swift in Sources */ = {isa = PBXBuildFile; fileRef = 767B2A622A1D4C740073DF0E /* Team.swift */; };
		767B2A6E2A1D5EC70073DF0E /* EventCollectionViewCell.swift in Sources */ = {isa = PBXBuildFile; fileRef = 767B2A6C2A1D5EC70073DF0E /* EventCollectionViewCell.swift */; };
		767B2A6F2A1D5EC70073DF0E /* EventCollectionViewCell.xib in Resources */ = {isa = PBXBuildFile; fileRef = 767B2A6D2A1D5EC70073DF0E /* EventCollectionViewCell.xib */; };
		767F8F952A23F7A2000B0C90 /* Response.swift in Sources */ = {isa = PBXBuildFile; fileRef = 767F8F942A23F7A2000B0C90 /* Response.swift */; };
		767F8F972A23FF61000B0C90 /* SportsRepository.swift in Sources */ = {isa = PBXBuildFile; fileRef = 767F8F962A23FF61000B0C90 /* SportsRepository.swift */; };
		767F8F992A23FFF2000B0C90 /* SportsRepositoryImpl.swift in Sources */ = {isa = PBXBuildFile; fileRef = 767F8F982A23FFF2000B0C90 /* SportsRepositoryImpl.swift */; };
		76871EDC2A1E91C700225742 /* LeaguesDetailsViewController.swift in Sources */ = {isa = PBXBuildFile; fileRef = 76871EDB2A1E91C700225742 /* LeaguesDetailsViewController.swift */; };
		768FC9402A1B4CE500E487FA /* SportCollectionViewCell.swift in Sources */ = {isa = PBXBuildFile; fileRef = 768FC93E2A1B4CE500E487FA /* SportCollectionViewCell.swift */; };
		768FC9412A1B4CE500E487FA /* SportCollectionViewCell.xib in Resources */ = {isa = PBXBuildFile; fileRef = 768FC93F2A1B4CE500E487FA /* SportCollectionViewCell.xib */; };
		768FC9482A1B5A7500E487FA /* Sport.swift in Sources */ = {isa = PBXBuildFile; fileRef = 768FC9472A1B5A7500E487FA /* Sport.swift */; };
		7692B9A42A1A424E00CED885 /* SportsAPI.swift in Sources */ = {isa = PBXBuildFile; fileRef = 7692B9A32A1A424E00CED885 /* SportsAPI.swift */; };
		76A4795D2A25236B00AD3E26 /* TeamViewController.swift in Sources */ = {isa = PBXBuildFile; fileRef = 76A4795C2A25236B00AD3E26 /* TeamViewController.swift */; };
		76A64BDF2A2E077C00F5D7FF /* SportsAPITests.swift in Sources */ = {isa = PBXBuildFile; fileRef = 76A64BDE2A2E077C00F5D7FF /* SportsAPITests.swift */; };
		76A64BE12A2E082400F5D7FF /* Constants.swift in Sources */ = {isa = PBXBuildFile; fileRef = 76A64BE02A2E082300F5D7FF /* Constants.swift */; };
		76A64BF62A2E303B00F5D7FF /* SportsAPIProtcol.swift in Sources */ = {isa = PBXBuildFile; fileRef = 76A64BF52A2E303B00F5D7FF /* SportsAPIProtcol.swift */; };
		76A64BF82A2E30F500F5D7FF /* MockAPIManager.swift in Sources */ = {isa = PBXBuildFile; fileRef = 76A64BF72A2E30F500F5D7FF /* MockAPIManager.swift */; };
		76A64BFA2A2E36E400F5D7FF /* MockAPIManagerTests.swift in Sources */ = {isa = PBXBuildFile; fileRef = 76A64BF92A2E36E400F5D7FF /* MockAPIManagerTests.swift */; };
		76AF39A22A28F4FF00CD8E47 /* LeaguesViewController.swift in Sources */ = {isa = PBXBuildFile; fileRef = 76AF39A12A28F4FF00CD8E47 /* LeaguesViewController.swift */; };
		76AF39A42A290E0900CD8E47 /* FavouriteTableViewController.swift in Sources */ = {isa = PBXBuildFile; fileRef = 76AF39A32A290E0900CD8E47 /* FavouriteTableViewController.swift */; };
		76AF39A72A290E4800CD8E47 /* FavouriteViewModel.swift in Sources */ = {isa = PBXBuildFile; fileRef = 76AF39A62A290E4800CD8E47 /* FavouriteViewModel.swift */; };
		76AF39AA2A29178500CD8E47 /* SportsError.swift in Sources */ = {isa = PBXBuildFile; fileRef = 76AF39A92A29178500CD8E47 /* SportsError.swift */; };
		76DA1D742A1FC14E00D3A8E0 /* TeamsCollectionViewCell.swift in Sources */ = {isa = PBXBuildFile; fileRef = 76DA1D722A1FC14E00D3A8E0 /* TeamsCollectionViewCell.swift */; };
		76DA1D752A1FC14E00D3A8E0 /* TeamsCollectionViewCell.xib in Resources */ = {isa = PBXBuildFile; fileRef = 76DA1D732A1FC14E00D3A8E0 /* TeamsCollectionViewCell.xib */; };
		76DA1D772A1FE17500D3A8E0 /* Event.swift in Sources */ = {isa = PBXBuildFile; fileRef = 76DA1D762A1FE17500D3A8E0 /* Event.swift */; };
		76DA1D792A1FE79700D3A8E0 /* LeaguesDetailsViewModel.swift in Sources */ = {isa = PBXBuildFile; fileRef = 76DA1D782A1FE79700D3A8E0 /* LeaguesDetailsViewModel.swift */; };
		CC53FD629A31CA28AC1D3935 /* Pods_SportFlashTests.framework in Frameworks */ = {isa = PBXBuildFile; fileRef = F0FF6AF5199D00BCD5A2567C /* Pods_SportFlashTests.framework */; };
		CD50F28BA90381F665483E02 /* Pods_SportFlash.framework in Frameworks */ = {isa = PBXBuildFile; fileRef = 1EBF8B8F534378E56DAB1DD7 /* Pods_SportFlash.framework */; };
/* End PBXBuildFile section */

/* Begin PBXContainerItemProxy section */
		7677FDFE2A197ED1001A2CD9 /* PBXContainerItemProxy */ = {
			isa = PBXContainerItemProxy;
			containerPortal = 7677FDDC2A197EC4001A2CD9 /* Project object */;
			proxyType = 1;
			remoteGlobalIDString = 7677FDE32A197EC4001A2CD9;
			remoteInfo = SportFlash;
		};
		7677FE082A197ED1001A2CD9 /* PBXContainerItemProxy */ = {
			isa = PBXContainerItemProxy;
			containerPortal = 7677FDDC2A197EC4001A2CD9 /* Project object */;
			proxyType = 1;
			remoteGlobalIDString = 7677FDE32A197EC4001A2CD9;
			remoteInfo = SportFlash;
		};
/* End PBXContainerItemProxy section */

/* Begin PBXFileReference section */
		179E2D759474B115B0E77D9E /* Pods-SportFlash-SportFlashUITests.debug.xcconfig */ = {isa = PBXFileReference; includeInIndex = 1; lastKnownFileType = text.xcconfig; name = "Pods-SportFlash-SportFlashUITests.debug.xcconfig"; path = "Target Support Files/Pods-SportFlash-SportFlashUITests/Pods-SportFlash-SportFlashUITests.debug.xcconfig"; sourceTree = "<group>"; };
		1EBF8B8F534378E56DAB1DD7 /* Pods_SportFlash.framework */ = {isa = PBXFileReference; explicitFileType = wrapper.framework; includeInIndex = 0; path = Pods_SportFlash.framework; sourceTree = BUILT_PRODUCTS_DIR; };
		352535BA10C130CF74D6280B /* Pods-SportFlash-SportFlashUITests.release.xcconfig */ = {isa = PBXFileReference; includeInIndex = 1; lastKnownFileType = text.xcconfig; name = "Pods-SportFlash-SportFlashUITests.release.xcconfig"; path = "Target Support Files/Pods-SportFlash-SportFlashUITests/Pods-SportFlash-SportFlashUITests.release.xcconfig"; sourceTree = "<group>"; };
		490633BE4A5A827ACA781A16 /* Pods-SportFlashTests.debug.xcconfig */ = {isa = PBXFileReference; includeInIndex = 1; lastKnownFileType = text.xcconfig; name = "Pods-SportFlashTests.debug.xcconfig"; path = "Target Support Files/Pods-SportFlashTests/Pods-SportFlashTests.debug.xcconfig"; sourceTree = "<group>"; };
		4D92DD070C1C644FA10902CC /* Pods_SportFlash_SportFlashUITests.framework */ = {isa = PBXFileReference; explicitFileType = wrapper.framework; includeInIndex = 0; path = Pods_SportFlash_SportFlashUITests.framework; sourceTree = BUILT_PRODUCTS_DIR; };
		764C96A02A1B61B000163681 /* LeaguesTableViewCell.swift */ = {isa = PBXFileReference; lastKnownFileType = sourcecode.swift; path = LeaguesTableViewCell.swift; sourceTree = "<group>"; };
		764C96A12A1B61B000163681 /* LeaguesTableViewCell.xib */ = {isa = PBXFileReference; lastKnownFileType = file.xib; path = LeaguesTableViewCell.xib; sourceTree = "<group>"; };
		764C96A42A1B643300163681 /* League.swift */ = {isa = PBXFileReference; lastKnownFileType = sourcecode.swift; path = League.swift; sourceTree = "<group>"; };
		764C96A62A1B6B2500163681 /* LeaguesViewModel.swift */ = {isa = PBXFileReference; lastKnownFileType = sourcecode.swift; path = LeaguesViewModel.swift; sourceTree = "<group>"; };
		766B8CE62A26650000170AEC /* DatabaseManager.swift */ = {isa = PBXFileReference; lastKnownFileType = sourcecode.swift; path = DatabaseManager.swift; sourceTree = "<group>"; };
		7672BC582A27A651007F937B /* Player.swift */ = {isa = PBXFileReference; lastKnownFileType = sourcecode.swift; path = Player.swift; sourceTree = "<group>"; };
		7672BC5A2A27B15B007F937B /* TeamViewModel.swift */ = {isa = PBXFileReference; lastKnownFileType = sourcecode.swift; path = TeamViewModel.swift; sourceTree = "<group>"; };
		7677FDE42A197EC4001A2CD9 /* SportFlash.app */ = {isa = PBXFileReference; explicitFileType = wrapper.application; includeInIndex = 0; path = SportFlash.app; sourceTree = BUILT_PRODUCTS_DIR; };
		7677FDE72A197EC4001A2CD9 /* AppDelegate.swift */ = {isa = PBXFileReference; lastKnownFileType = sourcecode.swift; path = AppDelegate.swift; sourceTree = "<group>"; };
		7677FDE92A197EC4001A2CD9 /* SceneDelegate.swift */ = {isa = PBXFileReference; lastKnownFileType = sourcecode.swift; path = SceneDelegate.swift; sourceTree = "<group>"; };
		7677FDEE2A197EC4001A2CD9 /* Base */ = {isa = PBXFileReference; lastKnownFileType = file.storyboard; name = Base; path = Base.lproj/Main.storyboard; sourceTree = "<group>"; };
		7677FDF12A197EC4001A2CD9 /* SportFlash.xcdatamodel */ = {isa = PBXFileReference; lastKnownFileType = wrapper.xcdatamodel; path = SportFlash.xcdatamodel; sourceTree = "<group>"; };
		7677FDF32A197ED0001A2CD9 /* Assets.xcassets */ = {isa = PBXFileReference; lastKnownFileType = folder.assetcatalog; path = Assets.xcassets; sourceTree = "<group>"; };
		7677FDF62A197ED0001A2CD9 /* Base */ = {isa = PBXFileReference; lastKnownFileType = file.storyboard; name = Base; path = Base.lproj/LaunchScreen.storyboard; sourceTree = "<group>"; };
		7677FDF82A197ED0001A2CD9 /* Info.plist */ = {isa = PBXFileReference; lastKnownFileType = text.plist.xml; path = Info.plist; sourceTree = "<group>"; };
		7677FDFD2A197ED1001A2CD9 /* SportFlashTests.xctest */ = {isa = PBXFileReference; explicitFileType = wrapper.cfbundle; includeInIndex = 0; path = SportFlashTests.xctest; sourceTree = BUILT_PRODUCTS_DIR; };
		7677FE012A197ED1001A2CD9 /* SportFlashTests.swift */ = {isa = PBXFileReference; lastKnownFileType = sourcecode.swift; path = SportFlashTests.swift; sourceTree = "<group>"; };
		7677FE072A197ED1001A2CD9 /* SportFlashUITests.xctest */ = {isa = PBXFileReference; explicitFileType = wrapper.cfbundle; includeInIndex = 0; path = SportFlashUITests.xctest; sourceTree = BUILT_PRODUCTS_DIR; };
		7677FE0B2A197ED2001A2CD9 /* SportFlashUITests.swift */ = {isa = PBXFileReference; lastKnownFileType = sourcecode.swift; path = SportFlashUITests.swift; sourceTree = "<group>"; };
		7677FE0D2A197ED2001A2CD9 /* SportFlashUITestsLaunchTests.swift */ = {isa = PBXFileReference; lastKnownFileType = sourcecode.swift; path = SportFlashUITestsLaunchTests.swift; sourceTree = "<group>"; };
		7677FE1A2A198336001A2CD9 /* SportCollectionViewController.swift */ = {isa = PBXFileReference; lastKnownFileType = sourcecode.swift; path = SportCollectionViewController.swift; sourceTree = "<group>"; };
		767B2A622A1D4C740073DF0E /* Team.swift */ = {isa = PBXFileReference; lastKnownFileType = sourcecode.swift; path = Team.swift; sourceTree = "<group>"; };
		767B2A6C2A1D5EC70073DF0E /* EventCollectionViewCell.swift */ = {isa = PBXFileReference; lastKnownFileType = sourcecode.swift; path = EventCollectionViewCell.swift; sourceTree = "<group>"; };
		767B2A6D2A1D5EC70073DF0E /* EventCollectionViewCell.xib */ = {isa = PBXFileReference; lastKnownFileType = file.xib; path = EventCollectionViewCell.xib; sourceTree = "<group>"; };
		767F8F942A23F7A2000B0C90 /* Response.swift */ = {isa = PBXFileReference; lastKnownFileType = sourcecode.swift; path = Response.swift; sourceTree = "<group>"; };
		767F8F962A23FF61000B0C90 /* SportsRepository.swift */ = {isa = PBXFileReference; lastKnownFileType = sourcecode.swift; path = SportsRepository.swift; sourceTree = "<group>"; };
		767F8F982A23FFF2000B0C90 /* SportsRepositoryImpl.swift */ = {isa = PBXFileReference; lastKnownFileType = sourcecode.swift; path = SportsRepositoryImpl.swift; sourceTree = "<group>"; };
		76871EDB2A1E91C700225742 /* LeaguesDetailsViewController.swift */ = {isa = PBXFileReference; lastKnownFileType = sourcecode.swift; path = LeaguesDetailsViewController.swift; sourceTree = "<group>"; };
		768FC93E2A1B4CE500E487FA /* SportCollectionViewCell.swift */ = {isa = PBXFileReference; lastKnownFileType = sourcecode.swift; path = SportCollectionViewCell.swift; sourceTree = "<group>"; };
		768FC93F2A1B4CE500E487FA /* SportCollectionViewCell.xib */ = {isa = PBXFileReference; lastKnownFileType = file.xib; path = SportCollectionViewCell.xib; sourceTree = "<group>"; };
		768FC9472A1B5A7500E487FA /* Sport.swift */ = {isa = PBXFileReference; lastKnownFileType = sourcecode.swift; path = Sport.swift; sourceTree = "<group>"; };
		7692B9A32A1A424E00CED885 /* SportsAPI.swift */ = {isa = PBXFileReference; lastKnownFileType = sourcecode.swift; path = SportsAPI.swift; sourceTree = "<group>"; };
		76A4795C2A25236B00AD3E26 /* TeamViewController.swift */ = {isa = PBXFileReference; lastKnownFileType = sourcecode.swift; path = TeamViewController.swift; sourceTree = "<group>"; };
		76A64BDE2A2E077C00F5D7FF /* SportsAPITests.swift */ = {isa = PBXFileReference; lastKnownFileType = sourcecode.swift; path = SportsAPITests.swift; sourceTree = "<group>"; };
		76A64BE02A2E082300F5D7FF /* Constants.swift */ = {isa = PBXFileReference; lastKnownFileType = sourcecode.swift; path = Constants.swift; sourceTree = "<group>"; };
		76A64BF52A2E303B00F5D7FF /* SportsAPIProtcol.swift */ = {isa = PBXFileReference; lastKnownFileType = sourcecode.swift; path = SportsAPIProtcol.swift; sourceTree = "<group>"; };
		76A64BF72A2E30F500F5D7FF /* MockAPIManager.swift */ = {isa = PBXFileReference; lastKnownFileType = sourcecode.swift; path = MockAPIManager.swift; sourceTree = "<group>"; };
		76A64BF92A2E36E400F5D7FF /* MockAPIManagerTests.swift */ = {isa = PBXFileReference; lastKnownFileType = sourcecode.swift; path = MockAPIManagerTests.swift; sourceTree = "<group>"; };
		76AF39A12A28F4FF00CD8E47 /* LeaguesViewController.swift */ = {isa = PBXFileReference; lastKnownFileType = sourcecode.swift; path = LeaguesViewController.swift; sourceTree = "<group>"; };
		76AF39A32A290E0900CD8E47 /* FavouriteTableViewController.swift */ = {isa = PBXFileReference; lastKnownFileType = sourcecode.swift; path = FavouriteTableViewController.swift; sourceTree = "<group>"; };
		76AF39A62A290E4800CD8E47 /* FavouriteViewModel.swift */ = {isa = PBXFileReference; lastKnownFileType = sourcecode.swift; path = FavouriteViewModel.swift; sourceTree = "<group>"; };
		76AF39A92A29178500CD8E47 /* SportsError.swift */ = {isa = PBXFileReference; lastKnownFileType = sourcecode.swift; path = SportsError.swift; sourceTree = "<group>"; };
		76DA1D722A1FC14E00D3A8E0 /* TeamsCollectionViewCell.swift */ = {isa = PBXFileReference; lastKnownFileType = sourcecode.swift; path = TeamsCollectionViewCell.swift; sourceTree = "<group>"; };
		76DA1D732A1FC14E00D3A8E0 /* TeamsCollectionViewCell.xib */ = {isa = PBXFileReference; lastKnownFileType = file.xib; path = TeamsCollectionViewCell.xib; sourceTree = "<group>"; };
		76DA1D762A1FE17500D3A8E0 /* Event.swift */ = {isa = PBXFileReference; lastKnownFileType = sourcecode.swift; path = Event.swift; sourceTree = "<group>"; };
		76DA1D782A1FE79700D3A8E0 /* LeaguesDetailsViewModel.swift */ = {isa = PBXFileReference; lastKnownFileType = sourcecode.swift; path = LeaguesDetailsViewModel.swift; sourceTree = "<group>"; };
		A72C38BFCC2ACE4F70690A29 /* Pods-SportFlash.debug.xcconfig */ = {isa = PBXFileReference; includeInIndex = 1; lastKnownFileType = text.xcconfig; name = "Pods-SportFlash.debug.xcconfig"; path = "Target Support Files/Pods-SportFlash/Pods-SportFlash.debug.xcconfig"; sourceTree = "<group>"; };
		D5ACCF7C2044B652A8EA66F7 /* Pods-SportFlash.release.xcconfig */ = {isa = PBXFileReference; includeInIndex = 1; lastKnownFileType = text.xcconfig; name = "Pods-SportFlash.release.xcconfig"; path = "Target Support Files/Pods-SportFlash/Pods-SportFlash.release.xcconfig"; sourceTree = "<group>"; };
		EF692F36B269143C36E7BAEF /* Pods-SportFlashTests.release.xcconfig */ = {isa = PBXFileReference; includeInIndex = 1; lastKnownFileType = text.xcconfig; name = "Pods-SportFlashTests.release.xcconfig"; path = "Target Support Files/Pods-SportFlashTests/Pods-SportFlashTests.release.xcconfig"; sourceTree = "<group>"; };
		F0FF6AF5199D00BCD5A2567C /* Pods_SportFlashTests.framework */ = {isa = PBXFileReference; explicitFileType = wrapper.framework; includeInIndex = 0; path = Pods_SportFlashTests.framework; sourceTree = BUILT_PRODUCTS_DIR; };
/* End PBXFileReference section */

/* Begin PBXFrameworksBuildPhase section */
		7677FDE12A197EC4001A2CD9 /* Frameworks */ = {
			isa = PBXFrameworksBuildPhase;
			buildActionMask = 2147483647;
			files = (
				CD50F28BA90381F665483E02 /* Pods_SportFlash.framework in Frameworks */,
			);
			runOnlyForDeploymentPostprocessing = 0;
		};
		7677FDFA2A197ED1001A2CD9 /* Frameworks */ = {
			isa = PBXFrameworksBuildPhase;
			buildActionMask = 2147483647;
			files = (
				CC53FD629A31CA28AC1D3935 /* Pods_SportFlashTests.framework in Frameworks */,
			);
			runOnlyForDeploymentPostprocessing = 0;
		};
		7677FE042A197ED1001A2CD9 /* Frameworks */ = {
			isa = PBXFrameworksBuildPhase;
			buildActionMask = 2147483647;
			files = (
				079C59F841FFF7E4A9A4CBB2 /* Pods_SportFlash_SportFlashUITests.framework in Frameworks */,
			);
			runOnlyForDeploymentPostprocessing = 0;
		};
/* End PBXFrameworksBuildPhase section */

/* Begin PBXGroup section */
		304F0121C2EA19C048234406 /* Pods */ = {
			isa = PBXGroup;
			children = (
				A72C38BFCC2ACE4F70690A29 /* Pods-SportFlash.debug.xcconfig */,
				D5ACCF7C2044B652A8EA66F7 /* Pods-SportFlash.release.xcconfig */,
				179E2D759474B115B0E77D9E /* Pods-SportFlash-SportFlashUITests.debug.xcconfig */,
				352535BA10C130CF74D6280B /* Pods-SportFlash-SportFlashUITests.release.xcconfig */,
				490633BE4A5A827ACA781A16 /* Pods-SportFlashTests.debug.xcconfig */,
				EF692F36B269143C36E7BAEF /* Pods-SportFlashTests.release.xcconfig */,
			);
			path = Pods;
			sourceTree = "<group>";
		};
		764C96992A1B5F8200163681 /* LeaguesScreen */ = {
			isa = PBXGroup;
			children = (
				76A64BE62A2E110A00F5D7FF /* UI */,
				76A64BE52A2E10E400F5D7FF /* ViewModel */,
			);
			path = LeaguesScreen;
			sourceTree = "<group>";
		};
		766B8CE52A2664BE00170AEC /* DataBase */ = {
			isa = PBXGroup;
			children = (
				766B8CE62A26650000170AEC /* DatabaseManager.swift */,
				7677FDF02A197EC4001A2CD9 /* SportFlash.xcdatamodeld */,
			);
			path = DataBase;
			sourceTree = "<group>";
		};
		766B8CE82A266DEB00170AEC /* Utilt */ = {
			isa = PBXGroup;
			children = (
				76AF39A82A29176700CD8E47 /* Errors */,
				76C2EDD82A265AB000CCDE08 /* Extension */,
				76A64BE02A2E082300F5D7FF /* Constants.swift */,
			);
			path = Utilt;
			sourceTree = "<group>";
		};
		7677FDDB2A197EC4001A2CD9 = {
			isa = PBXGroup;
			children = (
				7677FDE62A197EC4001A2CD9 /* SportFlash */,
				7677FE002A197ED1001A2CD9 /* SportFlashTests */,
				7677FE0A2A197ED1001A2CD9 /* SportFlashUITests */,
				7677FDE52A197EC4001A2CD9 /* Products */,
				304F0121C2EA19C048234406 /* Pods */,
				AD09F6132A3A1E0ACB41FAC0 /* Frameworks */,
			);
			sourceTree = "<group>";
		};
		7677FDE52A197EC4001A2CD9 /* Products */ = {
			isa = PBXGroup;
			children = (
				7677FDE42A197EC4001A2CD9 /* SportFlash.app */,
				7677FDFD2A197ED1001A2CD9 /* SportFlashTests.xctest */,
				7677FE072A197ED1001A2CD9 /* SportFlashUITests.xctest */,
			);
			name = Products;
			sourceTree = "<group>";
		};
		7677FDE62A197EC4001A2CD9 /* SportFlash */ = {
			isa = PBXGroup;
			children = (
				7677FDF82A197ED0001A2CD9 /* Info.plist */,
				76A64BF42A2E129900F5D7FF /* Application */,
				76A64BF32A2E125A00F5D7FF /* Resources */,
				76A64BF22A2E123000F5D7FF /* Service */,
				76A64BEF2A2E11E000F5D7FF /* CommenView */,
				766B8CE82A266DEB00170AEC /* Utilt */,
				768FC9462A1B59BE00E487FA /* Model */,
				768FC9422A1B513E00E487FA /* Screens */,
			);
			path = SportFlash;
			sourceTree = "<group>";
		};
		7677FE002A197ED1001A2CD9 /* SportFlashTests */ = {
			isa = PBXGroup;
			children = (
				7677FE012A197ED1001A2CD9 /* SportFlashTests.swift */,
				76A64BDE2A2E077C00F5D7FF /* SportsAPITests.swift */,
				76A64BF72A2E30F500F5D7FF /* MockAPIManager.swift */,
				76A64BF92A2E36E400F5D7FF /* MockAPIManagerTests.swift */,
			);
			path = SportFlashTests;
			sourceTree = "<group>";
		};
		7677FE0A2A197ED1001A2CD9 /* SportFlashUITests */ = {
			isa = PBXGroup;
			children = (
				7677FE0B2A197ED2001A2CD9 /* SportFlashUITests.swift */,
				7677FE0D2A197ED2001A2CD9 /* SportFlashUITestsLaunchTests.swift */,
			);
			path = SportFlashUITests;
			sourceTree = "<group>";
		};
		767B2A642A1D5D760073DF0E /* LeaguesDetailsScreen */ = {
			isa = PBXGroup;
			children = (
				76A64BE72A2E111300F5D7FF /* UI */,
				76A64BE42A2E10C700F5D7FF /* ViewModel */,
			);
			path = LeaguesDetailsScreen;
			sourceTree = "<group>";
		};
		767B2A692A1D5E750073DF0E /* EventCell */ = {
			isa = PBXGroup;
			children = (
				767B2A6C2A1D5EC70073DF0E /* EventCollectionViewCell.swift */,
				767B2A6D2A1D5EC70073DF0E /* EventCollectionViewCell.xib */,
			);
			path = EventCell;
			sourceTree = "<group>";
		};
		768FC93D2A1B4C0E00E487FA /* CustomCell */ = {
			isa = PBXGroup;
			children = (
				768FC9452A1B593900E487FA /* LeaguesCell */,
			);
			path = CustomCell;
			sourceTree = "<group>";
		};
		768FC9422A1B513E00E487FA /* Screens */ = {
			isa = PBXGroup;
			children = (
				76AF39A52A290E1100CD8E47 /* Favourite */,
				76A4795B2A250F5900AD3E26 /* TeamDetails */,
				767B2A642A1D5D760073DF0E /* LeaguesDetailsScreen */,
				764C96992A1B5F8200163681 /* LeaguesScreen */,
				768FC9432A1B516600E487FA /* SportScreen */,
			);
			path = Screens;
			sourceTree = "<group>";
		};
		768FC9432A1B516600E487FA /* SportScreen */ = {
			isa = PBXGroup;
			children = (
				76A64BF02A2E120900F5D7FF /* UI */,
			);
			path = SportScreen;
			sourceTree = "<group>";
		};
		768FC9442A1B592100E487FA /* SportCell */ = {
			isa = PBXGroup;
			children = (
				768FC93E2A1B4CE500E487FA /* SportCollectionViewCell.swift */,
				768FC93F2A1B4CE500E487FA /* SportCollectionViewCell.xib */,
			);
			path = SportCell;
			sourceTree = "<group>";
		};
		768FC9452A1B593900E487FA /* LeaguesCell */ = {
			isa = PBXGroup;
			children = (
				764C96A02A1B61B000163681 /* LeaguesTableViewCell.swift */,
				764C96A12A1B61B000163681 /* LeaguesTableViewCell.xib */,
			);
			path = LeaguesCell;
			sourceTree = "<group>";
		};
		768FC9462A1B59BE00E487FA /* Model */ = {
			isa = PBXGroup;
			children = (
				768FC9472A1B5A7500E487FA /* Sport.swift */,
				764C96A42A1B643300163681 /* League.swift */,
				767B2A622A1D4C740073DF0E /* Team.swift */,
				76DA1D762A1FE17500D3A8E0 /* Event.swift */,
				767F8F942A23F7A2000B0C90 /* Response.swift */,
				7672BC582A27A651007F937B /* Player.swift */,
			);
			path = Model;
			sourceTree = "<group>";
		};
		7692B9A22A1A3EFD00CED885 /* NetWork */ = {
			isa = PBXGroup;
			children = (
				7692B9A32A1A424E00CED885 /* SportsAPI.swift */,
				76A64BF52A2E303B00F5D7FF /* SportsAPIProtcol.swift */,
			);
			path = NetWork;
			sourceTree = "<group>";
		};
		76A4795B2A250F5900AD3E26 /* TeamDetails */ = {
			isa = PBXGroup;
			children = (
				76A64BE82A2E111900F5D7FF /* UI */,
				76A64BE32A2E0FE600F5D7FF /* ViewModel */,
			);
			path = TeamDetails;
			sourceTree = "<group>";
		};
		76A64BE22A2E0FCB00F5D7FF /* ViewModel */ = {
			isa = PBXGroup;
			children = (
				76AF39A62A290E4800CD8E47 /* FavouriteViewModel.swift */,
			);
			path = ViewModel;
			sourceTree = "<group>";
		};
		76A64BE32A2E0FE600F5D7FF /* ViewModel */ = {
			isa = PBXGroup;
			children = (
				7672BC5A2A27B15B007F937B /* TeamViewModel.swift */,
			);
			path = ViewModel;
			sourceTree = "<group>";
		};
		76A64BE42A2E10C700F5D7FF /* ViewModel */ = {
			isa = PBXGroup;
			children = (
				76DA1D782A1FE79700D3A8E0 /* LeaguesDetailsViewModel.swift */,
			);
			path = ViewModel;
			sourceTree = "<group>";
		};
		76A64BE52A2E10E400F5D7FF /* ViewModel */ = {
			isa = PBXGroup;
			children = (
				764C96A62A1B6B2500163681 /* LeaguesViewModel.swift */,
			);
			path = ViewModel;
			sourceTree = "<group>";
		};
		76A64BE62A2E110A00F5D7FF /* UI */ = {
			isa = PBXGroup;
			children = (
				76A64BED2A2E119700F5D7FF /* ViewController */,
			);
			path = UI;
			sourceTree = "<group>";
		};
		76A64BE72A2E111300F5D7FF /* UI */ = {
			isa = PBXGroup;
			children = (
				76A64BEE2A2E11B100F5D7FF /* Cells */,
				76A64BEC2A2E117E00F5D7FF /* ViewContoler */,
			);
			path = UI;
			sourceTree = "<group>";
		};
		76A64BE82A2E111900F5D7FF /* UI */ = {
			isa = PBXGroup;
			children = (
				76A64BEB2A2E115C00F5D7FF /* ViewControler */,
			);
			path = UI;
			sourceTree = "<group>";
		};
		76A64BE92A2E111E00F5D7FF /* UI */ = {
			isa = PBXGroup;
			children = (
				76A64BEA2A2E113600F5D7FF /* ViewController */,
			);
			path = UI;
			sourceTree = "<group>";
		};
		76A64BEA2A2E113600F5D7FF /* ViewController */ = {
			isa = PBXGroup;
			children = (
				76AF39A32A290E0900CD8E47 /* FavouriteTableViewController.swift */,
			);
			path = ViewController;
			sourceTree = "<group>";
		};
		76A64BEB2A2E115C00F5D7FF /* ViewControler */ = {
			isa = PBXGroup;
			children = (
				76A4795C2A25236B00AD3E26 /* TeamViewController.swift */,
			);
			path = ViewControler;
			sourceTree = "<group>";
		};
		76A64BEC2A2E117E00F5D7FF /* ViewContoler */ = {
			isa = PBXGroup;
			children = (
				76871EDB2A1E91C700225742 /* LeaguesDetailsViewController.swift */,
			);
			path = ViewContoler;
			sourceTree = "<group>";
		};
		76A64BED2A2E119700F5D7FF /* ViewController */ = {
			isa = PBXGroup;
			children = (
				76AF39A12A28F4FF00CD8E47 /* LeaguesViewController.swift */,
			);
			path = ViewController;
			sourceTree = "<group>";
		};
		76A64BEE2A2E11B100F5D7FF /* Cells */ = {
			isa = PBXGroup;
			children = (
				76DA1D6F2A1FC10600D3A8E0 /* TeamsCell */,
				767B2A692A1D5E750073DF0E /* EventCell */,
			);
			path = Cells;
			sourceTree = "<group>";
		};
		76A64BEF2A2E11E000F5D7FF /* CommenView */ = {
			isa = PBXGroup;
			children = (
				768FC93D2A1B4C0E00E487FA /* CustomCell */,
			);
			path = CommenView;
			sourceTree = "<group>";
		};
		76A64BF02A2E120900F5D7FF /* UI */ = {
			isa = PBXGroup;
			children = (
				76A64BF12A2E121600F5D7FF /* ViewController */,
				768FC9442A1B592100E487FA /* SportCell */,
			);
			path = UI;
			sourceTree = "<group>";
		};
		76A64BF12A2E121600F5D7FF /* ViewController */ = {
			isa = PBXGroup;
			children = (
				7677FE1A2A198336001A2CD9 /* SportCollectionViewController.swift */,
			);
			path = ViewController;
			sourceTree = "<group>";
		};
		76A64BF22A2E123000F5D7FF /* Service */ = {
			isa = PBXGroup;
			children = (
				766B8CE52A2664BE00170AEC /* DataBase */,
				7692B9A22A1A3EFD00CED885 /* NetWork */,
				767F8F962A23FF61000B0C90 /* SportsRepository.swift */,
				767F8F982A23FFF2000B0C90 /* SportsRepositoryImpl.swift */,
			);
			path = Service;
			sourceTree = "<group>";
		};
		76A64BF32A2E125A00F5D7FF /* Resources */ = {
			isa = PBXGroup;
			children = (
				7677FDED2A197EC4001A2CD9 /* Main.storyboard */,
				7677FDF32A197ED0001A2CD9 /* Assets.xcassets */,
				7677FDF52A197ED0001A2CD9 /* LaunchScreen.storyboard */,
			);
			path = Resources;
			sourceTree = "<group>";
		};
		76A64BF42A2E129900F5D7FF /* Application */ = {
			isa = PBXGroup;
			children = (
				7677FDE72A197EC4001A2CD9 /* AppDelegate.swift */,
				7677FDE92A197EC4001A2CD9 /* SceneDelegate.swift */,
			);
			path = Application;
			sourceTree = "<group>";
		};
		76AF39A52A290E1100CD8E47 /* Favourite */ = {
			isa = PBXGroup;
			children = (
				76A64BE92A2E111E00F5D7FF /* UI */,
				76A64BE22A2E0FCB00F5D7FF /* ViewModel */,
			);
			path = Favourite;
			sourceTree = "<group>";
		};
		76AF39A82A29176700CD8E47 /* Errors */ = {
			isa = PBXGroup;
			children = (
				76AF39A92A29178500CD8E47 /* SportsError.swift */,
			);
			path = Errors;
			sourceTree = "<group>";
		};
		76C2EDD82A265AB000CCDE08 /* Extension */ = {
			isa = PBXGroup;
			children = (
			);
			path = Extension;
			sourceTree = "<group>";
		};
		76DA1D6F2A1FC10600D3A8E0 /* TeamsCell */ = {
			isa = PBXGroup;
			children = (
				76DA1D722A1FC14E00D3A8E0 /* TeamsCollectionViewCell.swift */,
				76DA1D732A1FC14E00D3A8E0 /* TeamsCollectionViewCell.xib */,
			);
			path = TeamsCell;
			sourceTree = "<group>";
		};
		AD09F6132A3A1E0ACB41FAC0 /* Frameworks */ = {
			isa = PBXGroup;
			children = (
				1EBF8B8F534378E56DAB1DD7 /* Pods_SportFlash.framework */,
				4D92DD070C1C644FA10902CC /* Pods_SportFlash_SportFlashUITests.framework */,
				F0FF6AF5199D00BCD5A2567C /* Pods_SportFlashTests.framework */,
			);
			name = Frameworks;
			sourceTree = "<group>";
		};
/* End PBXGroup section */

/* Begin PBXNativeTarget section */
		7677FDE32A197EC4001A2CD9 /* SportFlash */ = {
			isa = PBXNativeTarget;
			buildConfigurationList = 7677FE112A197ED2001A2CD9 /* Build configuration list for PBXNativeTarget "SportFlash" */;
			buildPhases = (
				0F22AE935137A81EE2AE59A0 /* [CP] Check Pods Manifest.lock */,
				7677FDE02A197EC4001A2CD9 /* Sources */,
				7677FDE12A197EC4001A2CD9 /* Frameworks */,
				7677FDE22A197EC4001A2CD9 /* Resources */,
				A6D76DC657CD0B976277E89A /* [CP] Embed Pods Frameworks */,
			);
			buildRules = (
			);
			dependencies = (
			);
			name = SportFlash;
			productName = SportFlash;
			productReference = 7677FDE42A197EC4001A2CD9 /* SportFlash.app */;
			productType = "com.apple.product-type.application";
		};
		7677FDFC2A197ED1001A2CD9 /* SportFlashTests */ = {
			isa = PBXNativeTarget;
			buildConfigurationList = 7677FE142A197ED2001A2CD9 /* Build configuration list for PBXNativeTarget "SportFlashTests" */;
			buildPhases = (
				CB99806FD47C16658C0E6EAC /* [CP] Check Pods Manifest.lock */,
				7677FDF92A197ED1001A2CD9 /* Sources */,
				7677FDFA2A197ED1001A2CD9 /* Frameworks */,
				7677FDFB2A197ED1001A2CD9 /* Resources */,
			);
			buildRules = (
			);
			dependencies = (
				7677FDFF2A197ED1001A2CD9 /* PBXTargetDependency */,
			);
			name = SportFlashTests;
			productName = SportFlashTests;
			productReference = 7677FDFD2A197ED1001A2CD9 /* SportFlashTests.xctest */;
			productType = "com.apple.product-type.bundle.unit-test";
		};
		7677FE062A197ED1001A2CD9 /* SportFlashUITests */ = {
			isa = PBXNativeTarget;
			buildConfigurationList = 7677FE172A197ED2001A2CD9 /* Build configuration list for PBXNativeTarget "SportFlashUITests" */;
			buildPhases = (
				2AD87BD6A7281947169F8F6C /* [CP] Check Pods Manifest.lock */,
				7677FE032A197ED1001A2CD9 /* Sources */,
				7677FE042A197ED1001A2CD9 /* Frameworks */,
				7677FE052A197ED1001A2CD9 /* Resources */,
				DF05494B57F1B17DF768858C /* [CP] Embed Pods Frameworks */,
			);
			buildRules = (
			);
			dependencies = (
				7677FE092A197ED1001A2CD9 /* PBXTargetDependency */,
			);
			name = SportFlashUITests;
			productName = SportFlashUITests;
			productReference = 7677FE072A197ED1001A2CD9 /* SportFlashUITests.xctest */;
			productType = "com.apple.product-type.bundle.ui-testing";
		};
/* End PBXNativeTarget section */

/* Begin PBXProject section */
		7677FDDC2A197EC4001A2CD9 /* Project object */ = {
			isa = PBXProject;
			attributes = {
				BuildIndependentTargetsInParallel = 1;
				LastSwiftUpdateCheck = 1330;
				LastUpgradeCheck = 1330;
				TargetAttributes = {
					7677FDE32A197EC4001A2CD9 = {
						CreatedOnToolsVersion = 13.3.1;
					};
					7677FDFC2A197ED1001A2CD9 = {
						CreatedOnToolsVersion = 13.3.1;
						TestTargetID = 7677FDE32A197EC4001A2CD9;
					};
					7677FE062A197ED1001A2CD9 = {
						CreatedOnToolsVersion = 13.3.1;
						TestTargetID = 7677FDE32A197EC4001A2CD9;
					};
				};
			};
			buildConfigurationList = 7677FDDF2A197EC4001A2CD9 /* Build configuration list for PBXProject "SportFlash" */;
			compatibilityVersion = "Xcode 13.0";
			developmentRegion = en;
			hasScannedForEncodings = 0;
			knownRegions = (
				en,
				Base,
			);
			mainGroup = 7677FDDB2A197EC4001A2CD9;
			productRefGroup = 7677FDE52A197EC4001A2CD9 /* Products */;
			projectDirPath = "";
			projectRoot = "";
			targets = (
				7677FDE32A197EC4001A2CD9 /* SportFlash */,
				7677FDFC2A197ED1001A2CD9 /* SportFlashTests */,
				7677FE062A197ED1001A2CD9 /* SportFlashUITests */,
			);
		};
/* End PBXProject section */

/* Begin PBXResourcesBuildPhase section */
		7677FDE22A197EC4001A2CD9 /* Resources */ = {
			isa = PBXResourcesBuildPhase;
			buildActionMask = 2147483647;
			files = (
				7677FDF72A197ED0001A2CD9 /* LaunchScreen.storyboard in Resources */,
				7677FDF42A197ED0001A2CD9 /* Assets.xcassets in Resources */,
				764C96A32A1B61B000163681 /* LeaguesTableViewCell.xib in Resources */,
				7677FDEF2A197EC4001A2CD9 /* Main.storyboard in Resources */,
				768FC9412A1B4CE500E487FA /* SportCollectionViewCell.xib in Resources */,
				76DA1D752A1FC14E00D3A8E0 /* TeamsCollectionViewCell.xib in Resources */,
				767B2A6F2A1D5EC70073DF0E /* EventCollectionViewCell.xib in Resources */,
			);
			runOnlyForDeploymentPostprocessing = 0;
		};
		7677FDFB2A197ED1001A2CD9 /* Resources */ = {
			isa = PBXResourcesBuildPhase;
			buildActionMask = 2147483647;
			files = (
			);
			runOnlyForDeploymentPostprocessing = 0;
		};
		7677FE052A197ED1001A2CD9 /* Resources */ = {
			isa = PBXResourcesBuildPhase;
			buildActionMask = 2147483647;
			files = (
			);
			runOnlyForDeploymentPostprocessing = 0;
		};
/* End PBXResourcesBuildPhase section */

/* Begin PBXShellScriptBuildPhase section */
		0F22AE935137A81EE2AE59A0 /* [CP] Check Pods Manifest.lock */ = {
			isa = PBXShellScriptBuildPhase;
			buildActionMask = 2147483647;
			files = (
			);
			inputFileListPaths = (
			);
			inputPaths = (
				"${PODS_PODFILE_DIR_PATH}/Podfile.lock",
				"${PODS_ROOT}/Manifest.lock",
			);
			name = "[CP] Check Pods Manifest.lock";
			outputFileListPaths = (
			);
			outputPaths = (
				"$(DERIVED_FILE_DIR)/Pods-SportFlash-checkManifestLockResult.txt",
			);
			runOnlyForDeploymentPostprocessing = 0;
			shellPath = /bin/sh;
			shellScript = "diff \"${PODS_PODFILE_DIR_PATH}/Podfile.lock\" \"${PODS_ROOT}/Manifest.lock\" > /dev/null\nif [ $? != 0 ] ; then\n    # print error to STDERR\n    echo \"error: The sandbox is not in sync with the Podfile.lock. Run 'pod install' or update your CocoaPods installation.\" >&2\n    exit 1\nfi\n# This output is used by Xcode 'outputs' to avoid re-running this script phase.\necho \"SUCCESS\" > \"${SCRIPT_OUTPUT_FILE_0}\"\n";
			showEnvVarsInLog = 0;
		};
		2AD87BD6A7281947169F8F6C /* [CP] Check Pods Manifest.lock */ = {
			isa = PBXShellScriptBuildPhase;
			buildActionMask = 2147483647;
			files = (
			);
			inputFileListPaths = (
			);
			inputPaths = (
				"${PODS_PODFILE_DIR_PATH}/Podfile.lock",
				"${PODS_ROOT}/Manifest.lock",
			);
			name = "[CP] Check Pods Manifest.lock";
			outputFileListPaths = (
			);
			outputPaths = (
				"$(DERIVED_FILE_DIR)/Pods-SportFlash-SportFlashUITests-checkManifestLockResult.txt",
			);
			runOnlyForDeploymentPostprocessing = 0;
			shellPath = /bin/sh;
			shellScript = "diff \"${PODS_PODFILE_DIR_PATH}/Podfile.lock\" \"${PODS_ROOT}/Manifest.lock\" > /dev/null\nif [ $? != 0 ] ; then\n    # print error to STDERR\n    echo \"error: The sandbox is not in sync with the Podfile.lock. Run 'pod install' or update your CocoaPods installation.\" >&2\n    exit 1\nfi\n# This output is used by Xcode 'outputs' to avoid re-running this script phase.\necho \"SUCCESS\" > \"${SCRIPT_OUTPUT_FILE_0}\"\n";
			showEnvVarsInLog = 0;
		};
		A6D76DC657CD0B976277E89A /* [CP] Embed Pods Frameworks */ = {
			isa = PBXShellScriptBuildPhase;
			buildActionMask = 2147483647;
			files = (
			);
			inputFileListPaths = (
				"${PODS_ROOT}/Target Support Files/Pods-SportFlash/Pods-SportFlash-frameworks-${CONFIGURATION}-input-files.xcfilelist",
			);
			name = "[CP] Embed Pods Frameworks";
			outputFileListPaths = (
				"${PODS_ROOT}/Target Support Files/Pods-SportFlash/Pods-SportFlash-frameworks-${CONFIGURATION}-output-files.xcfilelist",
			);
			runOnlyForDeploymentPostprocessing = 0;
			shellPath = /bin/sh;
			shellScript = "\"${PODS_ROOT}/Target Support Files/Pods-SportFlash/Pods-SportFlash-frameworks.sh\"\n";
			showEnvVarsInLog = 0;
		};
		CB99806FD47C16658C0E6EAC /* [CP] Check Pods Manifest.lock */ = {
			isa = PBXShellScriptBuildPhase;
			buildActionMask = 2147483647;
			files = (
			);
			inputFileListPaths = (
			);
			inputPaths = (
				"${PODS_PODFILE_DIR_PATH}/Podfile.lock",
				"${PODS_ROOT}/Manifest.lock",
			);
			name = "[CP] Check Pods Manifest.lock";
			outputFileListPaths = (
			);
			outputPaths = (
				"$(DERIVED_FILE_DIR)/Pods-SportFlashTests-checkManifestLockResult.txt",
			);
			runOnlyForDeploymentPostprocessing = 0;
			shellPath = /bin/sh;
			shellScript = "diff \"${PODS_PODFILE_DIR_PATH}/Podfile.lock\" \"${PODS_ROOT}/Manifest.lock\" > /dev/null\nif [ $? != 0 ] ; then\n    # print error to STDERR\n    echo \"error: The sandbox is not in sync with the Podfile.lock. Run 'pod install' or update your CocoaPods installation.\" >&2\n    exit 1\nfi\n# This output is used by Xcode 'outputs' to avoid re-running this script phase.\necho \"SUCCESS\" > \"${SCRIPT_OUTPUT_FILE_0}\"\n";
			showEnvVarsInLog = 0;
		};
		DF05494B57F1B17DF768858C /* [CP] Embed Pods Frameworks */ = {
			isa = PBXShellScriptBuildPhase;
			buildActionMask = 2147483647;
			files = (
			);
			inputFileListPaths = (
				"${PODS_ROOT}/Target Support Files/Pods-SportFlash-SportFlashUITests/Pods-SportFlash-SportFlashUITests-frameworks-${CONFIGURATION}-input-files.xcfilelist",
			);
			name = "[CP] Embed Pods Frameworks";
			outputFileListPaths = (
				"${PODS_ROOT}/Target Support Files/Pods-SportFlash-SportFlashUITests/Pods-SportFlash-SportFlashUITests-frameworks-${CONFIGURATION}-output-files.xcfilelist",
			);
			runOnlyForDeploymentPostprocessing = 0;
			shellPath = /bin/sh;
			shellScript = "\"${PODS_ROOT}/Target Support Files/Pods-SportFlash-SportFlashUITests/Pods-SportFlash-SportFlashUITests-frameworks.sh\"\n";
			showEnvVarsInLog = 0;
		};
/* End PBXShellScriptBuildPhase section */

/* Begin PBXSourcesBuildPhase section */
		7677FDE02A197EC4001A2CD9 /* Sources */ = {
			isa = PBXSourcesBuildPhase;
			buildActionMask = 2147483647;
			files = (
				767B2A6E2A1D5EC70073DF0E /* EventCollectionViewCell.swift in Sources */,
				7677FE1B2A198336001A2CD9 /* SportCollectionViewController.swift in Sources */,
				767B2A632A1D4C740073DF0E /* Team.swift in Sources */,
				76AF39A42A290E0900CD8E47 /* FavouriteTableViewController.swift in Sources */,
				7672BC592A27A651007F937B /* Player.swift in Sources */,
				76A64BE12A2E082400F5D7FF /* Constants.swift in Sources */,
				76AF39A22A28F4FF00CD8E47 /* LeaguesViewController.swift in Sources */,
				764C96A22A1B61B000163681 /* LeaguesTableViewCell.swift in Sources */,
				767F8F972A23FF61000B0C90 /* SportsRepository.swift in Sources */,
				767F8F952A23F7A2000B0C90 /* Response.swift in Sources */,
				76AF39AA2A29178500CD8E47 /* SportsError.swift in Sources */,
				7692B9A42A1A424E00CED885 /* SportsAPI.swift in Sources */,
				766B8CE72A26650000170AEC /* DatabaseManager.swift in Sources */,
				768FC9402A1B4CE500E487FA /* SportCollectionViewCell.swift in Sources */,
				76A4795D2A25236B00AD3E26 /* TeamViewController.swift in Sources */,
				76DA1D772A1FE17500D3A8E0 /* Event.swift in Sources */,
				76871EDC2A1E91C700225742 /* LeaguesDetailsViewController.swift in Sources */,
				76DA1D742A1FC14E00D3A8E0 /* TeamsCollectionViewCell.swift in Sources */,
				7677FDF22A197EC4001A2CD9 /* SportFlash.xcdatamodeld in Sources */,
				767F8F992A23FFF2000B0C90 /* SportsRepositoryImpl.swift in Sources */,
				7677FDE82A197EC4001A2CD9 /* AppDelegate.swift in Sources */,
				768FC9482A1B5A7500E487FA /* Sport.swift in Sources */,
				7672BC5B2A27B15B007F937B /* TeamViewModel.swift in Sources */,
				76DA1D792A1FE79700D3A8E0 /* LeaguesDetailsViewModel.swift in Sources */,
				76AF39A72A290E4800CD8E47 /* FavouriteViewModel.swift in Sources */,
				76A64BF62A2E303B00F5D7FF /* SportsAPIProtcol.swift in Sources */,
				764C96A52A1B643300163681 /* League.swift in Sources */,
				7677FDEA2A197EC4001A2CD9 /* SceneDelegate.swift in Sources */,
				764C96A72A1B6B2500163681 /* LeaguesViewModel.swift in Sources */,
			);
			runOnlyForDeploymentPostprocessing = 0;
		};
		7677FDF92A197ED1001A2CD9 /* Sources */ = {
			isa = PBXSourcesBuildPhase;
			buildActionMask = 2147483647;
			files = (
				7677FE022A197ED1001A2CD9 /* SportFlashTests.swift in Sources */,
				76A64BDF2A2E077C00F5D7FF /* SportsAPITests.swift in Sources */,
				76A64BFA2A2E36E400F5D7FF /* MockAPIManagerTests.swift in Sources */,
				76A64BF82A2E30F500F5D7FF /* MockAPIManager.swift in Sources */,
			);
			runOnlyForDeploymentPostprocessing = 0;
		};
		7677FE032A197ED1001A2CD9 /* Sources */ = {
			isa = PBXSourcesBuildPhase;
			buildActionMask = 2147483647;
			files = (
				7677FE0E2A197ED2001A2CD9 /* SportFlashUITestsLaunchTests.swift in Sources */,
				7677FE0C2A197ED2001A2CD9 /* SportFlashUITests.swift in Sources */,
			);
			runOnlyForDeploymentPostprocessing = 0;
		};
/* End PBXSourcesBuildPhase section */

/* Begin PBXTargetDependency section */
		7677FDFF2A197ED1001A2CD9 /* PBXTargetDependency */ = {
			isa = PBXTargetDependency;
			target = 7677FDE32A197EC4001A2CD9 /* SportFlash */;
			targetProxy = 7677FDFE2A197ED1001A2CD9 /* PBXContainerItemProxy */;
		};
		7677FE092A197ED1001A2CD9 /* PBXTargetDependency */ = {
			isa = PBXTargetDependency;
			target = 7677FDE32A197EC4001A2CD9 /* SportFlash */;
			targetProxy = 7677FE082A197ED1001A2CD9 /* PBXContainerItemProxy */;
		};
/* End PBXTargetDependency section */

/* Begin PBXVariantGroup section */
		7677FDED2A197EC4001A2CD9 /* Main.storyboard */ = {
			isa = PBXVariantGroup;
			children = (
				7677FDEE2A197EC4001A2CD9 /* Base */,
			);
			name = Main.storyboard;
			sourceTree = "<group>";
		};
		7677FDF52A197ED0001A2CD9 /* LaunchScreen.storyboard */ = {
			isa = PBXVariantGroup;
			children = (
				7677FDF62A197ED0001A2CD9 /* Base */,
			);
			name = LaunchScreen.storyboard;
			sourceTree = "<group>";
		};
/* End PBXVariantGroup section */

/* Begin XCBuildConfiguration section */
		7677FE0F2A197ED2001A2CD9 /* Debug */ = {
			isa = XCBuildConfiguration;
			buildSettings = {
				ALWAYS_SEARCH_USER_PATHS = NO;
				CLANG_ANALYZER_NONNULL = YES;
				CLANG_ANALYZER_NUMBER_OBJECT_CONVERSION = YES_AGGRESSIVE;
				CLANG_CXX_LANGUAGE_STANDARD = "gnu++17";
				CLANG_ENABLE_MODULES = YES;
				CLANG_ENABLE_OBJC_ARC = YES;
				CLANG_ENABLE_OBJC_WEAK = YES;
				CLANG_WARN_BLOCK_CAPTURE_AUTORELEASING = YES;
				CLANG_WARN_BOOL_CONVERSION = YES;
				CLANG_WARN_COMMA = YES;
				CLANG_WARN_CONSTANT_CONVERSION = YES;
				CLANG_WARN_DEPRECATED_OBJC_IMPLEMENTATIONS = YES;
				CLANG_WARN_DIRECT_OBJC_ISA_USAGE = YES_ERROR;
				CLANG_WARN_DOCUMENTATION_COMMENTS = YES;
				CLANG_WARN_EMPTY_BODY = YES;
				CLANG_WARN_ENUM_CONVERSION = YES;
				CLANG_WARN_INFINITE_RECURSION = YES;
				CLANG_WARN_INT_CONVERSION = YES;
				CLANG_WARN_NON_LITERAL_NULL_CONVERSION = YES;
				CLANG_WARN_OBJC_IMPLICIT_RETAIN_SELF = YES;
				CLANG_WARN_OBJC_LITERAL_CONVERSION = YES;
				CLANG_WARN_OBJC_ROOT_CLASS = YES_ERROR;
				CLANG_WARN_QUOTED_INCLUDE_IN_FRAMEWORK_HEADER = YES;
				CLANG_WARN_RANGE_LOOP_ANALYSIS = YES;
				CLANG_WARN_STRICT_PROTOTYPES = YES;
				CLANG_WARN_SUSPICIOUS_MOVE = YES;
				CLANG_WARN_UNGUARDED_AVAILABILITY = YES_AGGRESSIVE;
				CLANG_WARN_UNREACHABLE_CODE = YES;
				CLANG_WARN__DUPLICATE_METHOD_MATCH = YES;
				COPY_PHASE_STRIP = NO;
				DEBUG_INFORMATION_FORMAT = dwarf;
				ENABLE_STRICT_OBJC_MSGSEND = YES;
				ENABLE_TESTABILITY = YES;
				GCC_C_LANGUAGE_STANDARD = gnu11;
				GCC_DYNAMIC_NO_PIC = NO;
				GCC_NO_COMMON_BLOCKS = YES;
				GCC_OPTIMIZATION_LEVEL = 0;
				GCC_PREPROCESSOR_DEFINITIONS = (
					"DEBUG=1",
					"$(inherited)",
				);
				GCC_WARN_64_TO_32_BIT_CONVERSION = YES;
				GCC_WARN_ABOUT_RETURN_TYPE = YES_ERROR;
				GCC_WARN_UNDECLARED_SELECTOR = YES;
				GCC_WARN_UNINITIALIZED_AUTOS = YES_AGGRESSIVE;
				GCC_WARN_UNUSED_FUNCTION = YES;
				GCC_WARN_UNUSED_VARIABLE = YES;
				IPHONEOS_DEPLOYMENT_TARGET = 15.4;
				MTL_ENABLE_DEBUG_INFO = INCLUDE_SOURCE;
				MTL_FAST_MATH = YES;
				ONLY_ACTIVE_ARCH = YES;
				SDKROOT = iphoneos;
				SWIFT_ACTIVE_COMPILATION_CONDITIONS = DEBUG;
				SWIFT_OPTIMIZATION_LEVEL = "-Onone";
			};
			name = Debug;
		};
		7677FE102A197ED2001A2CD9 /* Release */ = {
			isa = XCBuildConfiguration;
			buildSettings = {
				ALWAYS_SEARCH_USER_PATHS = NO;
				CLANG_ANALYZER_NONNULL = YES;
				CLANG_ANALYZER_NUMBER_OBJECT_CONVERSION = YES_AGGRESSIVE;
				CLANG_CXX_LANGUAGE_STANDARD = "gnu++17";
				CLANG_ENABLE_MODULES = YES;
				CLANG_ENABLE_OBJC_ARC = YES;
				CLANG_ENABLE_OBJC_WEAK = YES;
				CLANG_WARN_BLOCK_CAPTURE_AUTORELEASING = YES;
				CLANG_WARN_BOOL_CONVERSION = YES;
				CLANG_WARN_COMMA = YES;
				CLANG_WARN_CONSTANT_CONVERSION = YES;
				CLANG_WARN_DEPRECATED_OBJC_IMPLEMENTATIONS = YES;
				CLANG_WARN_DIRECT_OBJC_ISA_USAGE = YES_ERROR;
				CLANG_WARN_DOCUMENTATION_COMMENTS = YES;
				CLANG_WARN_EMPTY_BODY = YES;
				CLANG_WARN_ENUM_CONVERSION = YES;
				CLANG_WARN_INFINITE_RECURSION = YES;
				CLANG_WARN_INT_CONVERSION = YES;
				CLANG_WARN_NON_LITERAL_NULL_CONVERSION = YES;
				CLANG_WARN_OBJC_IMPLICIT_RETAIN_SELF = YES;
				CLANG_WARN_OBJC_LITERAL_CONVERSION = YES;
				CLANG_WARN_OBJC_ROOT_CLASS = YES_ERROR;
				CLANG_WARN_QUOTED_INCLUDE_IN_FRAMEWORK_HEADER = YES;
				CLANG_WARN_RANGE_LOOP_ANALYSIS = YES;
				CLANG_WARN_STRICT_PROTOTYPES = YES;
				CLANG_WARN_SUSPICIOUS_MOVE = YES;
				CLANG_WARN_UNGUARDED_AVAILABILITY = YES_AGGRESSIVE;
				CLANG_WARN_UNREACHABLE_CODE = YES;
				CLANG_WARN__DUPLICATE_METHOD_MATCH = YES;
				COPY_PHASE_STRIP = NO;
				DEBUG_INFORMATION_FORMAT = "dwarf-with-dsym";
				ENABLE_NS_ASSERTIONS = NO;
				ENABLE_STRICT_OBJC_MSGSEND = YES;
				GCC_C_LANGUAGE_STANDARD = gnu11;
				GCC_NO_COMMON_BLOCKS = YES;
				GCC_WARN_64_TO_32_BIT_CONVERSION = YES;
				GCC_WARN_ABOUT_RETURN_TYPE = YES_ERROR;
				GCC_WARN_UNDECLARED_SELECTOR = YES;
				GCC_WARN_UNINITIALIZED_AUTOS = YES_AGGRESSIVE;
				GCC_WARN_UNUSED_FUNCTION = YES;
				GCC_WARN_UNUSED_VARIABLE = YES;
				IPHONEOS_DEPLOYMENT_TARGET = 15.4;
				MTL_ENABLE_DEBUG_INFO = NO;
				MTL_FAST_MATH = YES;
				SDKROOT = iphoneos;
				SWIFT_COMPILATION_MODE = wholemodule;
				SWIFT_OPTIMIZATION_LEVEL = "-O";
				VALIDATE_PRODUCT = YES;
			};
			name = Release;
		};
		7677FE122A197ED2001A2CD9 /* Debug */ = {
			isa = XCBuildConfiguration;
			baseConfigurationReference = A72C38BFCC2ACE4F70690A29 /* Pods-SportFlash.debug.xcconfig */;
			buildSettings = {
				ASSETCATALOG_COMPILER_APPICON_NAME = AppIcon;
				ASSETCATALOG_COMPILER_GLOBAL_ACCENT_COLOR_NAME = AccentColor;
				CODE_SIGN_STYLE = Automatic;
				CURRENT_PROJECT_VERSION = 1;
				GENERATE_INFOPLIST_FILE = YES;
				INFOPLIST_FILE = SportFlash/Info.plist;
				INFOPLIST_KEY_UIApplicationSupportsIndirectInputEvents = YES;
				INFOPLIST_KEY_UILaunchStoryboardName = LaunchScreen;
				INFOPLIST_KEY_UIMainStoryboardFile = Main;
				INFOPLIST_KEY_UISupportedInterfaceOrientations_iPad = "UIInterfaceOrientationPortrait UIInterfaceOrientationPortraitUpsideDown UIInterfaceOrientationLandscapeLeft UIInterfaceOrientationLandscapeRight";
				INFOPLIST_KEY_UISupportedInterfaceOrientations_iPhone = "UIInterfaceOrientationPortrait UIInterfaceOrientationLandscapeLeft UIInterfaceOrientationLandscapeRight";
				LD_RUNPATH_SEARCH_PATHS = (
					"$(inherited)",
					"@executable_path/Frameworks",
				);
				MARKETING_VERSION = 1.0;
				PRODUCT_BUNDLE_IDENTIFIER = ahmed.SportFlash;
				PRODUCT_NAME = "$(TARGET_NAME)";
				SWIFT_EMIT_LOC_STRINGS = YES;
				SWIFT_VERSION = 5.0;
				TARGETED_DEVICE_FAMILY = "1,2";
			};
			name = Debug;
		};
		7677FE132A197ED2001A2CD9 /* Release */ = {
			isa = XCBuildConfiguration;
			baseConfigurationReference = D5ACCF7C2044B652A8EA66F7 /* Pods-SportFlash.release.xcconfig */;
			buildSettings = {
				ASSETCATALOG_COMPILER_APPICON_NAME = AppIcon;
				ASSETCATALOG_COMPILER_GLOBAL_ACCENT_COLOR_NAME = AccentColor;
				CODE_SIGN_STYLE = Automatic;
				CURRENT_PROJECT_VERSION = 1;
				GENERATE_INFOPLIST_FILE = YES;
				INFOPLIST_FILE = SportFlash/Info.plist;
				INFOPLIST_KEY_UIApplicationSupportsIndirectInputEvents = YES;
				INFOPLIST_KEY_UILaunchStoryboardName = LaunchScreen;
				INFOPLIST_KEY_UIMainStoryboardFile = Main;
				INFOPLIST_KEY_UISupportedInterfaceOrientations_iPad = "UIInterfaceOrientationPortrait UIInterfaceOrientationPortraitUpsideDown UIInterfaceOrientationLandscapeLeft UIInterfaceOrientationLandscapeRight";
				INFOPLIST_KEY_UISupportedInterfaceOrientations_iPhone = "UIInterfaceOrientationPortrait UIInterfaceOrientationLandscapeLeft UIInterfaceOrientationLandscapeRight";
				LD_RUNPATH_SEARCH_PATHS = (
					"$(inherited)",
					"@executable_path/Frameworks",
				);
				MARKETING_VERSION = 1.0;
				PRODUCT_BUNDLE_IDENTIFIER = ahmed.SportFlash;
				PRODUCT_NAME = "$(TARGET_NAME)";
				SWIFT_EMIT_LOC_STRINGS = YES;
				SWIFT_VERSION = 5.0;
				TARGETED_DEVICE_FAMILY = "1,2";
			};
			name = Release;
		};
		7677FE152A197ED2001A2CD9 /* Debug */ = {
			isa = XCBuildConfiguration;
			baseConfigurationReference = 490633BE4A5A827ACA781A16 /* Pods-SportFlashTests.debug.xcconfig */;
			buildSettings = {
				ALWAYS_EMBED_SWIFT_STANDARD_LIBRARIES = YES;
				BUNDLE_LOADER = "$(TEST_HOST)";
				CODE_SIGN_STYLE = Automatic;
				CURRENT_PROJECT_VERSION = 1;
				GENERATE_INFOPLIST_FILE = YES;
				IPHONEOS_DEPLOYMENT_TARGET = 15.4;
				MARKETING_VERSION = 1.0;
				PRODUCT_BUNDLE_IDENTIFIER = ahmed.SportFlashTests;
				PRODUCT_NAME = "$(TARGET_NAME)";
				SWIFT_EMIT_LOC_STRINGS = NO;
				SWIFT_VERSION = 5.0;
				TARGETED_DEVICE_FAMILY = "1,2";
				TEST_HOST = "$(BUILT_PRODUCTS_DIR)/SportFlash.app/SportFlash";
			};
			name = Debug;
		};
		7677FE162A197ED2001A2CD9 /* Release */ = {
			isa = XCBuildConfiguration;
			baseConfigurationReference = EF692F36B269143C36E7BAEF /* Pods-SportFlashTests.release.xcconfig */;
			buildSettings = {
				ALWAYS_EMBED_SWIFT_STANDARD_LIBRARIES = YES;
				BUNDLE_LOADER = "$(TEST_HOST)";
				CODE_SIGN_STYLE = Automatic;
				CURRENT_PROJECT_VERSION = 1;
				GENERATE_INFOPLIST_FILE = YES;
				IPHONEOS_DEPLOYMENT_TARGET = 15.4;
				MARKETING_VERSION = 1.0;
				PRODUCT_BUNDLE_IDENTIFIER = ahmed.SportFlashTests;
				PRODUCT_NAME = "$(TARGET_NAME)";
				SWIFT_EMIT_LOC_STRINGS = NO;
				SWIFT_VERSION = 5.0;
				TARGETED_DEVICE_FAMILY = "1,2";
				TEST_HOST = "$(BUILT_PRODUCTS_DIR)/SportFlash.app/SportFlash";
			};
			name = Release;
		};
		7677FE182A197ED2001A2CD9 /* Debug */ = {
			isa = XCBuildConfiguration;
			baseConfigurationReference = 179E2D759474B115B0E77D9E /* Pods-SportFlash-SportFlashUITests.debug.xcconfig */;
			buildSettings = {
				ALWAYS_EMBED_SWIFT_STANDARD_LIBRARIES = YES;
				CODE_SIGN_STYLE = Automatic;
				CURRENT_PROJECT_VERSION = 1;
				GENERATE_INFOPLIST_FILE = YES;
				MARKETING_VERSION = 1.0;
				PRODUCT_BUNDLE_IDENTIFIER = ahmed.SportFlashUITests;
				PRODUCT_NAME = "$(TARGET_NAME)";
				SWIFT_EMIT_LOC_STRINGS = NO;
				SWIFT_VERSION = 5.0;
				TARGETED_DEVICE_FAMILY = "1,2";
				TEST_TARGET_NAME = SportFlash;
			};
			name = Debug;
		};
		7677FE192A197ED2001A2CD9 /* Release */ = {
			isa = XCBuildConfiguration;
			baseConfigurationReference = 352535BA10C130CF74D6280B /* Pods-SportFlash-SportFlashUITests.release.xcconfig */;
			buildSettings = {
				ALWAYS_EMBED_SWIFT_STANDARD_LIBRARIES = YES;
				CODE_SIGN_STYLE = Automatic;
				CURRENT_PROJECT_VERSION = 1;
				GENERATE_INFOPLIST_FILE = YES;
				MARKETING_VERSION = 1.0;
				PRODUCT_BUNDLE_IDENTIFIER = ahmed.SportFlashUITests;
				PRODUCT_NAME = "$(TARGET_NAME)";
				SWIFT_EMIT_LOC_STRINGS = NO;
				SWIFT_VERSION = 5.0;
				TARGETED_DEVICE_FAMILY = "1,2";
				TEST_TARGET_NAME = SportFlash;
			};
			name = Release;
		};
/* End XCBuildConfiguration section */

/* Begin XCConfigurationList section */
		7677FDDF2A197EC4001A2CD9 /* Build configuration list for PBXProject "SportFlash" */ = {
			isa = XCConfigurationList;
			buildConfigurations = (
				7677FE0F2A197ED2001A2CD9 /* Debug */,
				7677FE102A197ED2001A2CD9 /* Release */,
			);
			defaultConfigurationIsVisible = 0;
			defaultConfigurationName = Release;
		};
		7677FE112A197ED2001A2CD9 /* Build configuration list for PBXNativeTarget "SportFlash" */ = {
			isa = XCConfigurationList;
			buildConfigurations = (
				7677FE122A197ED2001A2CD9 /* Debug */,
				7677FE132A197ED2001A2CD9 /* Release */,
			);
			defaultConfigurationIsVisible = 0;
			defaultConfigurationName = Release;
		};
		7677FE142A197ED2001A2CD9 /* Build configuration list for PBXNativeTarget "SportFlashTests" */ = {
			isa = XCConfigurationList;
			buildConfigurations = (
				7677FE152A197ED2001A2CD9 /* Debug */,
				7677FE162A197ED2001A2CD9 /* Release */,
			);
			defaultConfigurationIsVisible = 0;
			defaultConfigurationName = Release;
		};
		7677FE172A197ED2001A2CD9 /* Build configuration list for PBXNativeTarget "SportFlashUITests" */ = {
			isa = XCConfigurationList;
			buildConfigurations = (
				7677FE182A197ED2001A2CD9 /* Debug */,
				7677FE192A197ED2001A2CD9 /* Release */,
			);
			defaultConfigurationIsVisible = 0;
			defaultConfigurationName = Release;
		};
/* End XCConfigurationList section */

/* Begin XCVersionGroup section */
		7677FDF02A197EC4001A2CD9 /* SportFlash.xcdatamodeld */ = {
			isa = XCVersionGroup;
			children = (
				7677FDF12A197EC4001A2CD9 /* SportFlash.xcdatamodel */,
			);
			currentVersion = 7677FDF12A197EC4001A2CD9 /* SportFlash.xcdatamodel */;
			path = SportFlash.xcdatamodeld;
			sourceTree = "<group>";
			versionGroupType = wrapper.xcdatamodel;
		};
/* End XCVersionGroup section */
	};
	rootObject = 7677FDDC2A197EC4001A2CD9 /* Project object */;
}
